# THIS IS AN AUTOGENERATED FILE. DO NOT EDIT THIS FILE DIRECTLY.
# yarn lockfile v1


angular-animate@^1.6.4:
  version "1.6.4"
  resolved "https://registry.yarnpkg.com/angular-animate/-/angular-animate-1.6.4.tgz#d3eb906d39834f2dfbdd982e6b8d7a3b4d9001d2"

angular-aria@^1.6.4:
  version "1.6.4"
  resolved "https://registry.yarnpkg.com/angular-aria/-/angular-aria-1.6.4.tgz#c8683666ace196668f68e7220811bdcfc9e106e4"

angular-material@^1.1.4:
  version "1.1.4"
  resolved "https://registry.yarnpkg.com/angular-material/-/angular-material-1.1.4.tgz#27de35646f54ccd320080af0c708e1b438af87f6"

angular-touch@^1.6.4:
  version "1.6.4"
  resolved "https://registry.yarnpkg.com/angular-touch/-/angular-touch-1.6.4.tgz#02750fccf77ca0ed949a6d1321263abb0f86b223"

angular@^1.7.9:
  version "1.7.9"
  resolved "https://registry.yarnpkg.com/angular/-/angular-1.7.9.tgz#e52616e8701c17724c3c238cfe4f9446fd570bc4"

font-awesome@^4.7.0:
  version "4.7.0"
  resolved "https://registry.yarnpkg.com/font-awesome/-/font-awesome-4.7.0.tgz#8fa8cf0411a1a31afd07b06d2902bb9fc815a133"
